PODS:
  - alarm (0.0.1):
    - Flutter
  - Flutter (1.0.0)
  - flutter_fgbg (0.0.1):
    - Flutter
  - Mute (0.6.1)
  - permission_handler_apple (9.3.0):
    - Flutter
  - sound_mode (0.0.1):
    - Flutter
    - Mute (~> 0.6.0)
  - vibration (3.0.0):
    - Flutter

DEPENDENCIES:
  - alarm (from `.symlinks/plugins/alarm/ios`)
  - Flutter (from `Flutter`)
  - flutter_fgbg (from `.symlinks/plugins/flutter_fgbg/ios`)
  - permission_handler_apple (from `.symlinks/plugins/permission_handler_apple/ios`)
  - sound_mode (from `.symlinks/plugins/sound_mode/ios`)
  - vibration (from `.symlinks/plugins/vibration/ios`)

SPEC REPOS:
  trunk:
    - Mute

EXTERNAL SOURCES:
  alarm:
    :path: ".symlinks/plugins/alarm/ios"
  Flutter:
    :path: Flutter
  flutter_fgbg:
    :path: ".symlinks/plugins/flutter_fgbg/ios"
  permission_handler_apple:
    :path: ".symlinks/plugins/permission_handler_apple/ios"
  sound_mode:
    :path: ".symlinks/plugins/sound_mode/ios"
  vibration:
    :path: ".symlinks/plugins/vibration/ios"

SPEC CHECKSUMS:
  alarm: 9ff6d2dae9bd69c4022622f7e0a1e9c1dd70064e
  Flutter: cabc95a1d2626b1b06e7179b784ebcf0c0cde467
  flutter_fgbg: d3da78df78454b1808f0829a5da9cd17dfe16444
  Mute: 20135a96076f140cc82bfc8b810e2d6150d8ec7e
  permission_handler_apple: 4ed2196e43d0651e8ff7ca3483a069d469701f2d
  sound_mode: 53bd43e2fb1f640571ea74931ca5efdea5ddfc97
  vibration: 69774ad57825b11c951ee4c46155f455d7a592ce

PODFILE CHECKSUM: 0570aeb08aadbae72fa9086dd706d2a2bdb98d92

COCOAPODS: 1.16.2
